
Microsoft Visual Studio Solution File, Format Version 12.00
# Visual Studio Version 17
VisualStudioVersion = 17.9.34616.47
MinimumVisualStudioVersion = 10.0.40219.1
Project("{FAE04EC0-301F-11D3-BF4B-00C04F79EFBC}") = "TaskManagement.API", "TaskManagement.API\TaskManagement.API.csproj", "{BF185571-9BA4-454B-8DB2-C8EA174A71FA}"
EndProject
Global
	GlobalSection(SolutionConfigurationPlatforms) = preSolution
		Debug|Any CPU = Debug|Any CPU
		Release|Any CPU = Release|Any CPU
	EndGlobalSection
	GlobalSection(ProjectConfigurationPlatforms) = postSolution
		{BF185571-9BA4-454B-8DB2-C8EA174A71FA}.Debug|Any CPU.ActiveCfg = Debug|Any CPU
		{BF185571-9BA4-454B-8DB2-C8EA174A71FA}.Debug|Any CPU.Build.0 = Debug|Any CPU
		{BF185571-9BA4-454B-8DB2-C8EA174A71FA}.Release|Any CPU.ActiveCfg = Release|Any CPU
		{BF185571-9BA4-454B-8DB2-C8EA174A71FA}.Release|Any CPU.Build.0 = Release|Any CPU
	EndGlobalSection
	GlobalSection(SolutionProperties) = preSolution
		HideSolutionNode = FALSE
	EndGlobalSection
	GlobalSection(ExtensibilityGlobals) = postSolution
		SolutionGuid = {C9ED7D00-74EF-40EC-9A09-50006CFF2EDA}
	EndGlobalSection
EndGlobal
